
Microsoft Visual Studio Solution File, Format Version 12.00
# Visual Studio Version 17
VisualStudioVersion = 17.9.34902.65
MinimumVisualStudioVersion = 10.0.40219.1
Project("{FAE04EC0-301F-11D3-BF4B-00C04F79EFBC}") = "IntervalTimer.WinForms", "IntervalTimer.WinForms\IntervalTimer.WinForms.csproj", "{FAAD4635-A37A-46A4-A7F5-A549CB49D89F}"
EndProject
Global
	GlobalSection(SolutionConfigurationPlatforms) = preSolution
		Debug|Any CPU = Debug|Any CPU
		Release|Any CPU = Release|Any CPU
	EndGlobalSection
	GlobalSection(ProjectConfigurationPlatforms) = postSolution
		{FAAD4635-A37A-46A4-A7F5-A549CB49D89F}.Debug|Any CPU.ActiveCfg = Debug|Any CPU
		{FAAD4635-A37A-46A4-A7F5-A549CB49D89F}.Debug|Any CPU.Build.0 = Debug|Any CPU
		{FAAD4635-A37A-46A4-A7F5-A549CB49D89F}.Release|Any CPU.ActiveCfg = Release|Any CPU
		{FAAD4635-A37A-46A4-A7F5-A549CB49D89F}.Release|Any CPU.Build.0 = Release|Any CPU
	EndGlobalSection
	GlobalSection(SolutionProperties) = preSolution
		HideSolutionNode = FALSE
	EndGlobalSection
	GlobalSection(ExtensibilityGlobals) = postSolution
		SolutionGuid = {1DD7CB83-C294-4F80-B6DC-25F7254239CB}
	EndGlobalSection
EndGlobal
